<?xml version="1.0" encoding="utf-8"?>
<Project ToolsVersion="4.0" xmlns="http://schemas.microsoft.com/developer/msbuild/2003">
  <ItemGroup>
    <Filter Include="Fichiers sources">
      <UniqueIdentifier>{4FC737F1-C7A5-4376-A066-2A32D752A2FF}</UniqueIdentifier>
      <Extensions>cpp;c;cc;cxx;def;odl;idl;hpj;bat;asm;asmx</Extensions>
    </Filter>
    <Filter Include="Fichiers d%27en-tête">
      <UniqueIdentifier>{93995380-89BD-4b04-88EB-625FBE52EBFB}</UniqueIdentifier>
      <Extensions>h;hpp;hxx;hm;inl;inc;xsd</Extensions>
    </Filter>
    <Filter Include="Fichiers de ressources">
      <UniqueIdentifier>{67DA6AB6-F800-4c08-8B7A-83BB121AAD01}</UniqueIdentifier>
      <Extensions>rc;ico;cur;bmp;dlg;rc2;rct;bin;rgs;gif;jpg;jpeg;jpe;resx;tiff;tif;png;wav;mfcribbon-ms</Extensions>
    </Filter>
    <Filter Include="GameEngineCore">
      <UniqueIdentifier>{7a63f459-4246-42a1-a2af-3dc11d55cd6c}</UniqueIdentifier>
    </Filter>
    <Filter Include="GameComponents">
      <UniqueIdentifier>{d22332c5-ff7e-44f1-abb7-d6501d1ffbd9}</UniqueIdentifier>
    </Filter>
    <Filter Include="GameEngineCore\Header">
      <UniqueIdentifier>{77919274-5713-4005-9986-e0b06b500570}</UniqueIdentifier>
    </Filter>
    <Filter Include="GameEngineCore\Source">
      <UniqueIdentifier>{37eeee5d-b2dd-48a9-9847-de4f6da4c07d}</UniqueIdentifier>
    </Filter>
    <Filter Include="GameComponents\Header">
      <UniqueIdentifier>{c51a4240-7a79-434f-8957-3566185fdd75}</UniqueIdentifier>
    </Filter>
    <Filter Include="GameObjects">
      <UniqueIdentifier>{25abd664-fe15-45ff-859f-4e07f2e4324e}</UniqueIdentifier>
    </Filter>
    <Filter Include="GameObjects\Header">
      <UniqueIdentifier>{fe8f4016-b9dc-4c01-a26c-2b536d5701a6}</UniqueIdentifier>
    </Filter>
    <Filter Include="GameObjects\Source">
      <UniqueIdentifier>{a87dc0af-5043-4e9a-81d2-2a15976fb7c7}</UniqueIdentifier>
    </Filter>
    <Filter Include="GameSystems">
      <UniqueIdentifier>{b69a1a46-4488-4b07-99b3-9a91bd5a53b2}</UniqueIdentifier>
    </Filter>
    <Filter Include="GameSystems\Header">
      <UniqueIdentifier>{19851b43-b9c7-4282-b7db-4ad796773fdd}</UniqueIdentifier>
    </Filter>
    <Filter Include="GameSystems\Source">
      <UniqueIdentifier>{3362ce75-9d6f-4294-b90e-c79e0a7595d3}</UniqueIdentifier>
    </Filter>
    <Filter Include="GameComponents\Source">
      <UniqueIdentifier>{c49d665b-26f2-44e9-9d88-da3fc64294f3}</UniqueIdentifier>
    </Filter>
    <Filter Include="GameMessages">
      <UniqueIdentifier>{d340447b-5d63-46c1-9d71-96df58423dfa}</UniqueIdentifier>
    </Filter>
    <Filter Include="GameMessages\Source">
      <UniqueIdentifier>{817ede3c-3151-4a3a-8b66-3a2fc1455be2}</UniqueIdentifier>
    </Filter>
    <Filter Include="GameMessages\Header">
      <UniqueIdentifier>{fe3149a4-64ba-45c4-8b0a-efbf7c139c13}</UniqueIdentifier>
    </Filter>
    <Filter Include="Menu">
      <UniqueIdentifier>{888f1da2-63f7-4a28-bd43-0744eb1d00a3}</UniqueIdentifier>
    </Filter>
    <Filter Include="Menu\Header">
      <UniqueIdentifier>{bc2b0213-86f1-4401-bbc6-50bd06d4f2d0}</UniqueIdentifier>
    </Filter>
    <Filter Include="Menu\Source">
      <UniqueIdentifier>{f64a7563-f95e-4450-a5f2-e84f963759d5}</UniqueIdentifier>
    </Filter>
    <Filter Include="GameTools">
      <UniqueIdentifier>{50037d6a-2dd1-48db-b591-678173cca18d}</UniqueIdentifier>
    </Filter>
    <Filter Include="GameTools\Header">
      <UniqueIdentifier>{4bd5f223-28b1-479e-b8e5-5c0bfcd04cd2}</UniqueIdentifier>
    </Filter>
    <Filter Include="GameTools\Source">
      <UniqueIdentifier>{386811a0-c4a3-4375-85ee-efc4e7c58a90}</UniqueIdentifier>
    </Filter>
  </ItemGroup>
  <ItemGroup>
    <ClCompile Include="GameEngine.cpp">
      <Filter>GameEngineCore\Source</Filter>
    </ClCompile>
    <ClCompile Include="BaseGameObject.cpp">
      <Filter>GameObjects\Source</Filter>
    </ClCompile>
    <ClCompile Include="BaseComponent.cpp">
      <Filter>GameComponents\Source</Filter>
    </ClCompile>
    <ClCompile Include="GraphicsSystem.cpp">
      <Filter>GameSystems\Source</Filter>
    </ClCompile>
    <ClCompile Include="PhysicsSystem.cpp">
      <Filter>GameSystems\Source</Filter>
    </ClCompile>
    <ClCompile Include="WindowInputSytem.cpp">
      <Filter>GameSystems\Source</Filter>
    </ClCompile>
    <ClCompile Include="AudioSystem.cpp">
      <Filter>GameSystems\Source</Filter>
    </ClCompile>
    <ClCompile Include="ObjectFactory.cpp">
      <Filter>GameSystems\Source</Filter>
    </ClCompile>
    <ClCompile Include="SpriteComponent.cpp">
      <Filter>GameComponents\Source</Filter>
    </ClCompile>
    <ClCompile Include="InputComponent.cpp">
      <Filter>GameComponents\Source</Filter>
    </ClCompile>
    <ClCompile Include="BodyComponent.cpp">
      <Filter>GameComponents\Source</Filter>
    </ClCompile>
    <ClCompile Include="TimeManager.cpp">
      <Filter>GameEngineCore\Source</Filter>
    </ClCompile>
    <ClCompile Include="VectorDebugComponent.cpp">
      <Filter>GameComponents\Source</Filter>
    </ClCompile>
    <ClCompile Include="Message.cpp">
      <Filter>GameMessages\Source</Filter>
    </ClCompile>
    <ClCompile Include="JSONParser.cpp">
      <Filter>GameEngineCore\Source</Filter>
    </ClCompile>
    <ClCompile Include="Collider.cpp">
      <Filter>GameComponents\Source</Filter>
    </ClCompile>
    <ClCompile Include="VectorMessage.cpp">
      <Filter>GameMessages\Source</Filter>
    </ClCompile>
    <ClCompile Include="TextComponent.cpp">
      <Filter>GameComponents\Source</Filter>
    </ClCompile>
    <ClCompile Include="BaseGameObject.cpp">
      <Filter>GameSystems\Source</Filter>
    </ClCompile>
    <ClCompile Include="ControllerInputComponent.cpp">
      <Filter>GameComponents\Source</Filter>
    </ClCompile>
    <ClCompile Include="Menu.cpp">
      <Filter>Menu\Source</Filter>
    </ClCompile>
    <ClCompile Include="ButtonComponent.cpp">
      <Filter>GameComponents\Source</Filter>
    </ClCompile>
    <ClCompile Include="debugManager.cpp">
      <Filter>GameTools\Source</Filter>
    </ClCompile>
    <ClCompile Include="gason.cpp">
      <Filter>GameTools\Source</Filter>
    </ClCompile>
    <ClCompile Include="SpriteAnimation.cpp">
      <Filter>GameTools\Source</Filter>
    </ClCompile>
    <ClCompile Include="SpriteSheet.cpp">
      <Filter>GameTools\Source</Filter>
    </ClCompile>
    <ClCompile Include="Texture.cpp">
      <Filter>GameTools\Source</Filter>
    </ClCompile>
    <ClCompile Include="TextureManager.cpp">
      <Filter>GameTools\Source</Filter>
    </ClCompile>
    <ClCompile Include="KeyboardInputComponent.cpp">
      <Filter>GameComponents\Source</Filter>
    </ClCompile>
    <ClCompile Include="MouseClickComponent.cpp">
      <Filter>GameComponents\Source</Filter>
    </ClCompile>
    <ClCompile Include="BoxCollider.cpp">
      <Filter>GameComponents\Source</Filter>
    </ClCompile>
    <ClCompile Include="Sound.cpp">
      <Filter>GameTools\Source</Filter>
    </ClCompile>
    <ClCompile Include="SoundManager.cpp">
      <Filter>GameTools\Source</Filter>
    </ClCompile>
    <ClCompile Include="CircleCollider.cpp">
      <Filter>GameComponents\Source</Filter>
    </ClCompile>
    <ClCompile Include="CollisionMessage.cpp">
      <Filter>GameMessages\Source</Filter>
    </ClCompile>
    <ClCompile Include="FireMessage.cpp">
      <Filter>GameMessages\Source</Filter>
    </ClCompile>
    <ClCompile Include="DamageMessage.cpp">
      <Filter>GameMessages\Source</Filter>
    </ClCompile>
    <ClCompile Include="AimComponent.cpp">
      <Filter>GameComponents\Source</Filter>
    </ClCompile>
    <ClCompile Include="AimMessage.cpp">
      <Filter>GameMessages\Source</Filter>
    </ClCompile>
    <ClCompile Include="MenuControllerMessage.cpp">
      <Filter>GameMessages\Source</Filter>
    </ClCompile>
    <ClCompile Include="AudioComponent.cpp">
      <Filter>GameComponents\Source</Filter>
    </ClCompile>
    <ClCompile Include="CAAttackComponent.cpp">
      <Filter>GameComponents\Source</Filter>
    </ClCompile>
    <ClCompile Include="BaseballAttack.cpp">
      <Filter>GameComponents\Source</Filter>
    </ClCompile>
    <ClCompile Include="TimerComponent.cpp">
      <Filter>GameComponents\Source</Filter>
    </ClCompile>
    <ClCompile Include="RugbyManAttack.cpp">
      <Filter>GameComponents\Source</Filter>
    </ClCompile>
    <ClCompile Include="EditorManager.cpp">
      <Filter>GameTools\Source</Filter>
    </ClCompile>
    <ClCompile Include="MouseComponent.cpp">
      <Filter>GameComponents\Source</Filter>
    </ClCompile>
    <ClCompile Include="EditorElementSelectorComponent.cpp">
      <Filter>GameComponents\Source</Filter>
    </ClCompile>
    <ClCompile Include="EditorCaseSelectorComponent.cpp">
      <Filter>GameComponents\Source</Filter>
    </ClCompile>
    <ClCompile Include="EditorKeyboardInputComponent.cpp">
      <Filter>GameComponents\Source</Filter>
    </ClCompile>
    <ClCompile Include="LifeBarComponent.cpp">
      <Filter>GameComponents\Source</Filter>
    </ClCompile>
    <ClCompile Include="TennisAttack.cpp">
      <Filter>GameComponents\Source</Filter>
    </ClCompile>
    <ClCompile Include="AutoPlayComponent.cpp">
      <Filter>GameComponents\Source</Filter>
    </ClCompile>
    <ClCompile Include="main.cpp">
      <Filter>Fichiers sources</Filter>
    </ClCompile>
    <ClCompile Include="BoxerAttack.cpp">
      <Filter>GameComponents\Source</Filter>
    </ClCompile>
    <ClCompile Include="InGameBannerComponent.cpp">
      <Filter>GameComponents\Source</Filter>
    </ClCompile>
  </ItemGroup>
  <ItemGroup>
    <ClInclude Include="GameEngine.h">
      <Filter>GameEngineCore\Header</Filter>
    </ClInclude>
    <ClInclude Include="BaseGameObject.h">
      <Filter>GameObjects\Header</Filter>
    </ClInclude>
    <ClInclude Include="BaseComponent.h">
      <Filter>GameComponents\Header</Filter>
    </ClInclude>
    <ClInclude Include="GraphicsSystem.h">
      <Filter>GameSystems\Header</Filter>
    </ClInclude>
    <ClInclude Include="PhysicsSystem.h">
      <Filter>GameSystems\Header</Filter>
    </ClInclude>
    <ClInclude Include="WindowInputSytem.h">
      <Filter>GameSystems\Header</Filter>
    </ClInclude>
    <ClInclude Include="AudioSystem.h">
      <Filter>GameSystems\Header</Filter>
    </ClInclude>
    <ClInclude Include="ObjectFactory.h">
      <Filter>GameSystems\Header</Filter>
    </ClInclude>
    <ClInclude Include="SpriteComponent.h">
      <Filter>GameComponents\Header</Filter>
    </ClInclude>
    <ClInclude Include="InputComponent.h">
      <Filter>GameComponents\Header</Filter>
    </ClInclude>
    <ClInclude Include="BodyComponent.h">
      <Filter>GameComponents\Header</Filter>
    </ClInclude>
    <ClInclude Include="TimeManager.h">
      <Filter>GameEngineCore\Header</Filter>
    </ClInclude>
    <ClInclude Include="VectorDebugComponent.h">
      <Filter>GameComponents\Header</Filter>
    </ClInclude>
    <ClInclude Include="Message.h">
      <Filter>GameMessages\Header</Filter>
    </ClInclude>
    <ClInclude Include="JSONParser.h">
      <Filter>GameEngineCore\Header</Filter>
    </ClInclude>
    <ClInclude Include="Collider.h">
      <Filter>GameComponents\Header</Filter>
    </ClInclude>
    <ClInclude Include="VectorMessage.h">
      <Filter>GameMessages\Header</Filter>
    </ClInclude>
    <ClInclude Include="TextComponent.h">
      <Filter>GameComponents\Header</Filter>
    </ClInclude>
    <ClInclude Include="BaseGameObject.h">
      <Filter>GameSystems\Header</Filter>
    </ClInclude>
    <ClInclude Include="ControllerInputComponent.h">
      <Filter>GameComponents\Header</Filter>
    </ClInclude>
    <ClInclude Include="Menu.h">
      <Filter>Menu\Header</Filter>
    </ClInclude>
    <ClInclude Include="ButtonComponent.h">
      <Filter>GameComponents\Header</Filter>
    </ClInclude>
    <ClInclude Include="BaseSystem.h">
      <Filter>GameSystems\Header</Filter>
    </ClInclude>
    <ClInclude Include="KeyboardInputComponent.h">
      <Filter>GameComponents\Header</Filter>
    </ClInclude>
    <ClInclude Include="debugManager.h">
      <Filter>GameTools\Header</Filter>
    </ClInclude>
    <ClInclude Include="Gason.h">
      <Filter>GameTools\Header</Filter>
    </ClInclude>
    <ClInclude Include="resource.h">
      <Filter>GameTools\Header</Filter>
    </ClInclude>
    <ClInclude Include="SpriteAnimation.h">
      <Filter>GameTools\Header</Filter>
    </ClInclude>
    <ClInclude Include="SpriteSheet.h">
      <Filter>GameTools\Header</Filter>
    </ClInclude>
    <ClInclude Include="Texture.h">
      <Filter>GameTools\Header</Filter>
    </ClInclude>
    <ClInclude Include="TextureManager.h">
      <Filter>GameTools\Header</Filter>
    </ClInclude>
    <ClInclude Include="MouseClickComponent.h">
      <Filter>GameComponents\Header</Filter>
    </ClInclude>
    <ClInclude Include="BoxCollider.h">
      <Filter>GameComponents\Header</Filter>
    </ClInclude>
    <ClInclude Include="Sound.h">
      <Filter>GameTools\Header</Filter>
    </ClInclude>
    <ClInclude Include="SoundManager.h">
      <Filter>GameTools\Header</Filter>
    </ClInclude>
    <ClInclude Include="Singleton.h">
      <Filter>Fichiers d%27en-tête</Filter>
    </ClInclude>
    <ClInclude Include="CircleCollider.h">
      <Filter>GameComponents\Header</Filter>
    </ClInclude>
    <ClInclude Include="CollisionMessage.h">
      <Filter>GameMessages\Header</Filter>
    </ClInclude>
    <ClInclude Include="FireMessage.h">
      <Filter>GameMessages\Header</Filter>
    </ClInclude>
    <ClInclude Include="DamageMessage.h">
      <Filter>GameMessages\Header</Filter>
    </ClInclude>
    <ClInclude Include="AimComponent.h">
      <Filter>GameComponents\Header</Filter>
    </ClInclude>
    <ClInclude Include="AimMessage.h">
      <Filter>GameMessages\Header</Filter>
    </ClInclude>
    <ClInclude Include="MenuControllerMessage.h">
      <Filter>GameMessages\Header</Filter>
    </ClInclude>
    <ClInclude Include="AudioComponent.h">
      <Filter>GameComponents\Header</Filter>
    </ClInclude>
    <ClInclude Include="CAAttackComponent.h">
      <Filter>GameComponents\Header</Filter>
    </ClInclude>
    <ClInclude Include="BaseballAttack.h">
      <Filter>GameComponents\Header</Filter>
    </ClInclude>
    <ClInclude Include="TimerComponent.h">
      <Filter>GameComponents\Header</Filter>
    </ClInclude>
    <ClInclude Include="RugbyManAttack.h">
      <Filter>GameComponents\Header</Filter>
    </ClInclude>
    <ClInclude Include="EditorManager.h">
      <Filter>GameTools\Header</Filter>
    </ClInclude>
    <ClInclude Include="MouseComponent.h">
      <Filter>GameComponents\Header</Filter>
    </ClInclude>
    <ClInclude Include="MouseMessageClick.h">
      <Filter>GameMessages\Header</Filter>
    </ClInclude>
    <ClInclude Include="MouseMessageMove.h">
      <Filter>GameMessages\Header</Filter>
    </ClInclude>
    <ClInclude Include="MouseMessageWheel.h">
      <Filter>GameMessages\Header</Filter>
    </ClInclude>
    <ClInclude Include="EditorElementSelectorComponent.h">
      <Filter>GameComponents\Header</Filter>
    </ClInclude>
    <ClInclude Include="EditorCaseSelectorComponent.h">
      <Filter>GameComponents\Header</Filter>
    </ClInclude>
    <ClInclude Include="EditorKeyboardInputComponent.h">
      <Filter>GameComponents\Header</Filter>
    </ClInclude>
    <ClInclude Include="LifeBarComponent.h">
      <Filter>GameComponents\Header</Filter>
    </ClInclude>
    <ClInclude Include="TennisAttack.h">
      <Filter>GameComponents\Header</Filter>
    </ClInclude>
    <ClInclude Include="AutoPlayComponent.h">
      <Filter>GameComponents\Header</Filter>
    </ClInclude>
    <ClInclude Include="BoxerAttack.h">
      <Filter>GameComponents\Header</Filter>
    </ClInclude>
    <ClInclude Include="InGameBannerComponent.h">
      <Filter>GameComponents\Header</Filter>
    </ClInclude>
    <ClInclude Include="resource1.h">
      <Filter>Fichiers d%27en-tête</Filter>
    </ClInclude>
  </ItemGroup>
  <ItemGroup>
    <Image Include="..\InstallerSample\GAMEDIRECTORY\Uninstall.ico">
      <Filter>Fichiers de ressources</Filter>
    </Image>
    <Image Include="..\InstallerSample\GAMEDIRECTORY\Icon.ico">
      <Filter>Fichiers de ressources</Filter>
    </Image>
  </ItemGroup>
  <ItemGroup>
    <ResourceCompile Include="ThePlatformer1.rc">
      <Filter>Fichiers de ressources</Filter>
    </ResourceCompile>
  </ItemGroup>
</Project>