<?xml version="1.0" encoding="utf-8"?>
<Project ToolsVersion="4.0" xmlns="http://schemas.microsoft.com/developer/msbuild/2003">
  <ItemGroup>
    <Filter Include="Fichiers sources">
      <UniqueIdentifier>{4FC737F1-C7A5-4376-A066-2A32D752A2FF}</UniqueIdentifier>
      <Extensions>cpp;c;cc;cxx;def;odl;idl;hpj;bat;asm;asmx</Extensions>
    </Filter>
    <Filter Include="Fichiers d%27en-tête">
      <UniqueIdentifier>{93995380-89BD-4b04-88EB-625FBE52EBFB}</UniqueIdentifier>
      <Extensions>h;hpp;hxx;hm;inl;inc;xsd</Extensions>
    </Filter>
    <Filter Include="Fichiers de ressources">
      <UniqueIdentifier>{67DA6AB6-F800-4c08-8B7A-83BB121AAD01}</UniqueIdentifier>
      <Extensions>rc;ico;cur;bmp;dlg;rc2;rct;bin;rgs;gif;jpg;jpeg;jpe;resx;tiff;tif;png;wav;mfcribbon-ms</Extensions>
    </Filter>
    <Filter Include="GameEngineCore">
      <UniqueIdentifier>{7a63f459-4246-42a1-a2af-3dc11d55cd6c}</UniqueIdentifier>
    </Filter>
    <Filter Include="GameComponents">
      <UniqueIdentifier>{d22332c5-ff7e-44f1-abb7-d6501d1ffbd9}</UniqueIdentifier>
    </Filter>
    <Filter Include="GameEngineCore\Header">
      <UniqueIdentifier>{77919274-5713-4005-9986-e0b06b500570}</UniqueIdentifier>
    </Filter>
    <Filter Include="GameEngineCore\Source">
      <UniqueIdentifier>{37eeee5d-b2dd-48a9-9847-de4f6da4c07d}</UniqueIdentifier>
    </Filter>
    <Filter Include="GameComponents\Header">
      <UniqueIdentifier>{c51a4240-7a79-434f-8957-3566185fdd75}</UniqueIdentifier>
    </Filter>
    <Filter Include="GameObjects">
      <UniqueIdentifier>{25abd664-fe15-45ff-859f-4e07f2e4324e}</UniqueIdentifier>
    </Filter>
    <Filter Include="GameObjects\Header">
      <UniqueIdentifier>{fe8f4016-b9dc-4c01-a26c-2b536d5701a6}</UniqueIdentifier>
    </Filter>
    <Filter Include="GameObjects\Source">
      <UniqueIdentifier>{a87dc0af-5043-4e9a-81d2-2a15976fb7c7}</UniqueIdentifier>
    </Filter>
    <Filter Include="GameSystems">
      <UniqueIdentifier>{b69a1a46-4488-4b07-99b3-9a91bd5a53b2}</UniqueIdentifier>
    </Filter>
    <Filter Include="GameSystems\Header">
      <UniqueIdentifier>{19851b43-b9c7-4282-b7db-4ad796773fdd}</UniqueIdentifier>
    </Filter>
    <Filter Include="GameSystems\Source">
      <UniqueIdentifier>{3362ce75-9d6f-4294-b90e-c79e0a7595d3}</UniqueIdentifier>
    </Filter>
    <Filter Include="GameComponents\Source">
      <UniqueIdentifier>{c49d665b-26f2-44e9-9d88-da3fc64294f3}</UniqueIdentifier>
    </Filter>
  </ItemGroup>
  <ItemGroup>
    <ClCompile Include="main.cpp">
      <Filter>Fichiers sources</Filter>
    </ClCompile>
    <ClCompile Include="GameEngine.cpp">
      <Filter>GameEngineCore\Source</Filter>
    </ClCompile>
    <ClCompile Include="Player.cpp">
      <Filter>GameObjects\Source</Filter>
    </ClCompile>
    <ClCompile Include="BaseGameObject.cpp">
      <Filter>GameObjects\Source</Filter>
    </ClCompile>
    <ClCompile Include="BaseComponent.cpp">
      <Filter>GameComponents\Source</Filter>
    </ClCompile>
    <ClCompile Include="GraphicsSystem.cpp">
      <Filter>GameSystems\Source</Filter>
    </ClCompile>
    <ClCompile Include="PhysicsSystem.cpp">
      <Filter>GameSystems\Source</Filter>
    </ClCompile>
    <ClCompile Include="WindowInputSytem.cpp">
      <Filter>GameSystems\Source</Filter>
    </ClCompile>
    <ClCompile Include="AudioSystem.cpp">
      <Filter>GameSystems\Source</Filter>
    </ClCompile>
    <ClCompile Include="ObjectFactory.cpp">
      <Filter>GameSystems\Source</Filter>
    </ClCompile>
    <ClCompile Include="SpriteComponent.cpp">
      <Filter>GameComponents\Source</Filter>
    </ClCompile>
    <ClCompile Include="InputComponent.cpp">
      <Filter>GameComponents\Source</Filter>
    </ClCompile>
    <ClCompile Include="gason.cpp">
      <Filter>Fichiers sources</Filter>
    </ClCompile>
    <ClCompile Include="SpriteAnimation.cpp">
      <Filter>Fichiers sources</Filter>
    </ClCompile>
    <ClCompile Include="SpriteSheet.cpp">
      <Filter>Fichiers sources</Filter>
    </ClCompile>
    <ClCompile Include="Collider.cpp">
      <Filter>Fichiers sources</Filter>
    </ClCompile>
    <ClCompile Include="BodyComponent.cpp">
      <Filter>GameComponents\Source</Filter>
    </ClCompile>
    <ClCompile Include="TextureManager.cpp">
      <Filter>Fichiers sources</Filter>
    </ClCompile>
    <ClCompile Include="Texture.cpp">
      <Filter>Fichiers sources</Filter>
    </ClCompile>
    <ClCompile Include="TimeManager.cpp">
      <Filter>GameEngineCore\Source</Filter>
    </ClCompile>
    <ClCompile Include="VectorDebugComponent.cpp">
      <Filter>GameComponents\Source</Filter>
    </ClCompile>
    <ClCompile Include="Message.cpp">
      <Filter>Fichiers sources</Filter>
    </ClCompile>
    <ClCompile Include="vectorMessage.cpp">
      <Filter>Fichiers sources</Filter>
    </ClCompile>
  </ItemGroup>
  <ItemGroup>
    <ClInclude Include="resource.h">
      <Filter>Fichiers d%27en-tête</Filter>
    </ClInclude>
    <ClInclude Include="GameEngine.h">
      <Filter>GameEngineCore\Header</Filter>
    </ClInclude>
    <ClInclude Include="Player.h">
      <Filter>GameObjects\Header</Filter>
    </ClInclude>
    <ClInclude Include="BaseGameObject.h">
      <Filter>GameObjects\Header</Filter>
    </ClInclude>
    <ClInclude Include="BaseComponent.h">
      <Filter>GameComponents\Header</Filter>
    </ClInclude>
    <ClInclude Include="GraphicsSystem.h">
      <Filter>GameSystems\Header</Filter>
    </ClInclude>
    <ClInclude Include="PhysicsSystem.h">
      <Filter>GameSystems\Header</Filter>
    </ClInclude>
    <ClInclude Include="WindowInputSytem.h">
      <Filter>GameSystems\Header</Filter>
    </ClInclude>
    <ClInclude Include="AudioSystem.h">
      <Filter>GameSystems\Header</Filter>
    </ClInclude>
    <ClInclude Include="ObjectFactory.h">
      <Filter>GameSystems\Header</Filter>
    </ClInclude>
    <ClInclude Include="System.h">
      <Filter>GameSystems\Header</Filter>
    </ClInclude>
    <ClInclude Include="SpriteComponent.h">
      <Filter>GameComponents\Header</Filter>
    </ClInclude>
    <ClInclude Include="InputComponent.h">
      <Filter>GameComponents\Header</Filter>
    </ClInclude>
    <ClInclude Include="gason.h">
      <Filter>Fichiers d%27en-tête</Filter>
    </ClInclude>
    <ClInclude Include="SpriteAnimation.h">
      <Filter>Fichiers d%27en-tête</Filter>
    </ClInclude>
    <ClInclude Include="SpriteSheet.h">
      <Filter>Fichiers d%27en-tête</Filter>
    </ClInclude>
    <ClInclude Include="Collider.h">
      <Filter>Fichiers d%27en-tête</Filter>
    </ClInclude>
    <ClInclude Include="BodyComponent.h">
      <Filter>GameComponents\Header</Filter>
    </ClInclude>
    <ClInclude Include="TextureManager.h">
      <Filter>Fichiers d%27en-tête</Filter>
    </ClInclude>
    <ClInclude Include="Texture.h">
      <Filter>Fichiers d%27en-tête</Filter>
    </ClInclude>
    <ClInclude Include="TimeManager.h">
      <Filter>GameEngineCore\Header</Filter>
    </ClInclude>
    <ClInclude Include="VectorDebugComponent.h">
      <Filter>GameComponents\Header</Filter>
    </ClInclude>
    <ClInclude Include="Message.h">
      <Filter>Fichiers d%27en-tête</Filter>
    </ClInclude>
    <ClInclude Include="vectorMessage.h">
      <Filter>Fichiers d%27en-tête</Filter>
    </ClInclude>
  </ItemGroup>
  <ItemGroup>
    <ResourceCompile Include="ThePlatformer.rc">
      <Filter>Fichiers de ressources</Filter>
    </ResourceCompile>
  </ItemGroup>
</Project>